
Microsoft Visual Studio Solution File, Format Version 12.00
# Visual Studio Version 16
VisualStudioVersion = 16.0.31702.278
MinimumVisualStudioVersion = 10.0.40219.1
Project("{FAE04EC0-301F-11D3-BF4B-00C04F79EFBC}") = "DDSTraining", "DDSTraining.csproj", "{9C8A5DCA-60CC-4B92-9740-E041DBEB4980}"
EndProject
Global
	GlobalSection(SolutionConfigurationPlatforms) = preSolution
		Debug|Any CPU = Debug|Any CPU
		Release|Any CPU = Release|Any CPU
	EndGlobalSection
	GlobalSection(ProjectConfigurationPlatforms) = postSolution
		{9C8A5DCA-60CC-4B92-9740-E041DBEB4980}.Debug|Any CPU.ActiveCfg = Debug|Any CPU
		{9C8A5DCA-60CC-4B92-9740-E041DBEB4980}.Debug|Any CPU.Build.0 = Debug|Any CPU
		{9C8A5DCA-60CC-4B92-9740-E041DBEB4980}.Release|Any CPU.ActiveCfg = Release|Any CPU
		{9C8A5DCA-60CC-4B92-9740-E041DBEB4980}.Release|Any CPU.Build.0 = Release|Any CPU
	EndGlobalSection
	GlobalSection(SolutionProperties) = preSolution
		HideSolutionNode = FALSE
	EndGlobalSection
	GlobalSection(ExtensibilityGlobals) = postSolution
		SolutionGuid = {75253BDA-C533-4EAF-8556-15DC4B40F66E}
	EndGlobalSection
EndGlobal
